
Microsoft Visual Studio Solution File, Format Version 12.00
# Visual Studio 15
VisualStudioVersion = 15.0.26510.0
MinimumVisualStudioVersion = 10.0.40219.1
Project("{FAE04EC0-301F-11D3-BF4B-00C04F79EFBC}") = "Listener", "Listener\Listener.csproj", "{AA6D268F-E7DF-4DFD-B2A9-F20B7CACD099}"
EndProject
Project("{FAE04EC0-301F-11D3-BF4B-00C04F79EFBC}") = "EMDB", "EMDB\EMDB.csproj", "{51DB3827-575A-4417-9833-9D0FA2878B16}"
EndProject
Project("{2150E333-8FDC-42A3-9474-1A3956D46DE8}") = "Solution Items", "Solution Items", "{859EE827-E2F3-4AA7-9F64-3B6C0401F238}"
	ProjectSection(SolutionItems) = preProject
		global.json = global.json
		Notes.txt = Notes.txt
	EndProjectSection
EndProject
Project("{FAE04EC0-301F-11D3-BF4B-00C04F79EFBC}") = "ConsoleApp1", "ConsoleApp1\ConsoleApp1.csproj", "{5AD9DC74-E998-48B3-B6E8-ECAAB8D1C8A7}"
EndProject
Project("{2150E333-8FDC-42A3-9474-1A3956D46DE8}") = "src", "src", "{25A4CF1A-1FE3-4FC9-B112-0BF434CFF64F}"
EndProject
Project("{FAE04EC0-301F-11D3-BF4B-00C04F79EFBC}") = "Visualize", "src\Visualize\Visualize.csproj", "{73EE1662-2CF3-4C9E-9025-1C2D036FCAA2}"
EndProject
Global
	GlobalSection(SolutionConfigurationPlatforms) = preSolution
		Debug|Any CPU = Debug|Any CPU
		Release|Any CPU = Release|Any CPU
	EndGlobalSection
	GlobalSection(ProjectConfigurationPlatforms) = postSolution
		{AA6D268F-E7DF-4DFD-B2A9-F20B7CACD099}.Debug|Any CPU.ActiveCfg = Debug|Any CPU
		{AA6D268F-E7DF-4DFD-B2A9-F20B7CACD099}.Debug|Any CPU.Build.0 = Debug|Any CPU
		{AA6D268F-E7DF-4DFD-B2A9-F20B7CACD099}.Release|Any CPU.ActiveCfg = Release|Any CPU
		{AA6D268F-E7DF-4DFD-B2A9-F20B7CACD099}.Release|Any CPU.Build.0 = Release|Any CPU
		{51DB3827-575A-4417-9833-9D0FA2878B16}.Debug|Any CPU.ActiveCfg = Debug|Any CPU
		{51DB3827-575A-4417-9833-9D0FA2878B16}.Debug|Any CPU.Build.0 = Debug|Any CPU
		{51DB3827-575A-4417-9833-9D0FA2878B16}.Release|Any CPU.ActiveCfg = Release|Any CPU
		{51DB3827-575A-4417-9833-9D0FA2878B16}.Release|Any CPU.Build.0 = Release|Any CPU
		{5AD9DC74-E998-48B3-B6E8-ECAAB8D1C8A7}.Debug|Any CPU.ActiveCfg = Debug|Any CPU
		{5AD9DC74-E998-48B3-B6E8-ECAAB8D1C8A7}.Debug|Any CPU.Build.0 = Debug|Any CPU
		{5AD9DC74-E998-48B3-B6E8-ECAAB8D1C8A7}.Release|Any CPU.ActiveCfg = Release|Any CPU
		{5AD9DC74-E998-48B3-B6E8-ECAAB8D1C8A7}.Release|Any CPU.Build.0 = Release|Any CPU
		{73EE1662-2CF3-4C9E-9025-1C2D036FCAA2}.Debug|Any CPU.ActiveCfg = Debug|Any CPU
		{73EE1662-2CF3-4C9E-9025-1C2D036FCAA2}.Debug|Any CPU.Build.0 = Debug|Any CPU
		{73EE1662-2CF3-4C9E-9025-1C2D036FCAA2}.Release|Any CPU.ActiveCfg = Release|Any CPU
		{73EE1662-2CF3-4C9E-9025-1C2D036FCAA2}.Release|Any CPU.Build.0 = Release|Any CPU
	EndGlobalSection
	GlobalSection(SolutionProperties) = preSolution
		HideSolutionNode = FALSE
	EndGlobalSection
	GlobalSection(NestedProjects) = preSolution
		{73EE1662-2CF3-4C9E-9025-1C2D036FCAA2} = {25A4CF1A-1FE3-4FC9-B112-0BF434CFF64F}
	EndGlobalSection
EndGlobal
